
Microsoft Visual Studio Solution File, Format Version 12.00
# Visual Studio Version 16
VisualStudioVersion = 16.0.32228.343
MinimumVisualStudioVersion = 10.0.40219.1
Project("{FAE04EC0-301F-11D3-BF4B-00C04F79EFBC}") = "Enumeration", "Enumeration.csproj", "{782F4BDC-F7F2-4A4A-8E2F-E6F9F5D9A842}"
EndProject
Global
	GlobalSection(SolutionConfigurationPlatforms) = preSolution
		Debug|Any CPU = Debug|Any CPU
		Release|Any CPU = Release|Any CPU
	EndGlobalSection
	GlobalSection(ProjectConfigurationPlatforms) = postSolution
		{782F4BDC-F7F2-4A4A-8E2F-E6F9F5D9A842}.Debug|Any CPU.ActiveCfg = Debug|Any CPU
		{782F4BDC-F7F2-4A4A-8E2F-E6F9F5D9A842}.Debug|Any CPU.Build.0 = Debug|Any CPU
		{782F4BDC-F7F2-4A4A-8E2F-E6F9F5D9A842}.Release|Any CPU.ActiveCfg = Release|Any CPU
		{782F4BDC-F7F2-4A4A-8E2F-E6F9F5D9A842}.Release|Any CPU.Build.0 = Release|Any CPU
	EndGlobalSection
	GlobalSection(SolutionProperties) = preSolution
		HideSolutionNode = FALSE
	EndGlobalSection
	GlobalSection(ExtensibilityGlobals) = postSolution
		SolutionGuid = {D5CED796-F316-490E-9EAD-B555E861D8BB}
	EndGlobalSection
EndGlobal
