
Microsoft Visual Studio Solution File, Format Version 12.00
# Visual Studio Version 16
VisualStudioVersion = 16.0.32228.343
MinimumVisualStudioVersion = 10.0.40219.1
Project("{FAE04EC0-301F-11D3-BF4B-00C04F79EFBC}") = "PersonApp", "PersonApp.csproj", "{96FF3357-257B-4FB7-9AF8-E7E9FAB5C6B8}"
EndProject
Global
	GlobalSection(SolutionConfigurationPlatforms) = preSolution
		Debug|Any CPU = Debug|Any CPU
		Release|Any CPU = Release|Any CPU
	EndGlobalSection
	GlobalSection(ProjectConfigurationPlatforms) = postSolution
		{96FF3357-257B-4FB7-9AF8-E7E9FAB5C6B8}.Debug|Any CPU.ActiveCfg = Debug|Any CPU
		{96FF3357-257B-4FB7-9AF8-E7E9FAB5C6B8}.Debug|Any CPU.Build.0 = Debug|Any CPU
		{96FF3357-257B-4FB7-9AF8-E7E9FAB5C6B8}.Release|Any CPU.ActiveCfg = Release|Any CPU
		{96FF3357-257B-4FB7-9AF8-E7E9FAB5C6B8}.Release|Any CPU.Build.0 = Release|Any CPU
	EndGlobalSection
	GlobalSection(SolutionProperties) = preSolution
		HideSolutionNode = FALSE
	EndGlobalSection
	GlobalSection(ExtensibilityGlobals) = postSolution
		SolutionGuid = {32E517A4-6E7A-44A5-8709-84E404DA4A96}
	EndGlobalSection
EndGlobal
